<?xml version="1.0" encoding="utf-8"?>
<Project ToolsVersion="4.0" xmlns="http://schemas.microsoft.com/developer/msbuild/2003">
  <ItemGroup>
    <Filter Include="resource">
      <UniqueIdentifier>{9a0bd27f-c526-4e2d-a6ad-e7b86a72a55e}</UniqueIdentifier>
      <Extensions>rc;ico;cur;bmp;dlg;rc2;rct;bin;rgs;jpg;jpeg;jpe;png;manifest</Extensions>
    </Filter>
    <Filter Include="win32">
      <UniqueIdentifier>{2a7a724b-aee4-4201-ab2d-667b3a90c652}</UniqueIdentifier>
    </Filter>
    <Filter Include="Classes">
      <UniqueIdentifier>{43a1d7a8-dd64-41b0-81ac-5d194f75e1df}</UniqueIdentifier>
    </Filter>
    <Filter Include="Classes\IsometricTest">
      <UniqueIdentifier>{164c32ae-485b-4a5d-9b67-f9fa32c22c08}</UniqueIdentifier>
    </Filter>
    <Filter Include="Isometric">
      <UniqueIdentifier>{eabb6811-e796-4803-916c-f2b7eb02fe9d}</UniqueIdentifier>
    </Filter>
  </ItemGroup>
  <ItemGroup>
    <None Include="res\CCLibs.ico">
      <Filter>resource</Filter>
    </None>
    <None Include="..\Resources\CloseSelected.png">
      <Filter>resource</Filter>
    </None>
    <None Include="..\Resources\CloseNormal.png">
      <Filter>resource</Filter>
    </None>
    <None Include="..\Resources\HelloWorld.png">
      <Filter>resource</Filter>
    </None>
  </ItemGroup>
  <ItemGroup>
    <ResourceCompile Include="CCLibs.rc">
      <Filter>resource</Filter>
    </ResourceCompile>
  </ItemGroup>
  <ItemGroup>
    <ClInclude Include="resource.h">
      <Filter>win32</Filter>
    </ClInclude>
    <ClInclude Include="main.h">
      <Filter>win32</Filter>
    </ClInclude>
    <ClInclude Include="..\Classes\AppDelegate.h">
      <Filter>Classes</Filter>
    </ClInclude>
    <ClInclude Include="..\Classes\controller.h">
      <Filter>Classes</Filter>
    </ClInclude>
    <ClInclude Include="..\Classes\testBasic.h">
      <Filter>Classes</Filter>
    </ClInclude>
    <ClInclude Include="..\Classes\testResource.h">
      <Filter>Classes</Filter>
    </ClInclude>
    <ClInclude Include="..\Classes\tests.h">
      <Filter>Classes</Filter>
    </ClInclude>
    <ClInclude Include="..\Classes\IsometricTest\IsometricTest.h">
      <Filter>Classes\IsometricTest</Filter>
    </ClInclude>
    <ClInclude Include="..\Isometric\CCAstar.h">
      <Filter>Isometric</Filter>
    </ClInclude>
    <ClInclude Include="..\Isometric\CCAstarNode.h">
      <Filter>Isometric</Filter>
    </ClInclude>
    <ClInclude Include="..\Isometric\CCCoordinate.h">
      <Filter>Isometric</Filter>
    </ClInclude>
    <ClInclude Include="..\Isometric\CCISOCoordinate.h">
      <Filter>Isometric</Filter>
    </ClInclude>
    <ClInclude Include="..\Classes\IsometricTest\TestData.h">
      <Filter>Classes\IsometricTest</Filter>
    </ClInclude>
  </ItemGroup>
  <ItemGroup>
    <ClCompile Include="main.cpp">
      <Filter>win32</Filter>
    </ClCompile>
    <ClCompile Include="..\Classes\AppDelegate.cpp">
      <Filter>Classes</Filter>
    </ClCompile>
    <ClCompile Include="..\Classes\controller.cpp">
      <Filter>Classes</Filter>
    </ClCompile>
    <ClCompile Include="..\Classes\testBasic.cpp">
      <Filter>Classes</Filter>
    </ClCompile>
    <ClCompile Include="..\Classes\IsometricTest\IsometricTest.cpp">
      <Filter>Classes\IsometricTest</Filter>
    </ClCompile>
    <ClCompile Include="..\Isometric\CCAstar.cpp">
      <Filter>Isometric</Filter>
    </ClCompile>
    <ClCompile Include="..\Isometric\CCAstarNode.cpp">
      <Filter>Isometric</Filter>
    </ClCompile>
    <ClCompile Include="..\Isometric\CCCoordinate.cpp">
      <Filter>Isometric</Filter>
    </ClCompile>
  </ItemGroup>
</Project>