// !$*UTF8*$!
{
	archiveVersion = 1;
	classes = {
	};
	objectVersion = 46;
	objects = {

/* Begin PBXBuildFile section */
		57211BEA15F59828004F5801 /* main.cpp in Sources */ = {isa = PBXBuildFile; fileRef = 57211BE915F59828004F5801 /* main.cpp */; };
		57211BEC15F59828004F5801 /* codecodesnippets.1 in CopyFiles */ = {isa = PBXBuildFile; fileRef = 57211BEB15F59828004F5801 /* codecodesnippets.1 */; };
/* End PBXBuildFile section */

/* Begin PBXCopyFilesBuildPhase section */
		57211BE315F59828004F5801 /* CopyFiles */ = {
			isa = PBXCopyFilesBuildPhase;
			buildActionMask = 2147483647;
			dstPath = /usr/share/man/man1/;
			dstSubfolderSpec = 0;
			files = (
				57211BEC15F59828004F5801 /* codecodesnippets.1 in CopyFiles */,
			);
			runOnlyForDeploymentPostprocessing = 1;
		};
/* End PBXCopyFilesBuildPhase section */

/* Begin PBXFileReference section */
		57211BE515F59828004F5801 /* codecodesnippets */ = {isa = PBXFileReference; explicitFileType = "compiled.mach-o.executable"; includeInIndex = 0; path = codecodesnippets; sourceTree = BUILT_PRODUCTS_DIR; };
		57211BE915F59828004F5801 /* main.cpp */ = {isa = PBXFileReference; lastKnownFileType = sourcecode.cpp.cpp; path = main.cpp; sourceTree = "<group>"; };
		57211BEB15F59828004F5801 /* codecodesnippets.1 */ = {isa = PBXFileReference; lastKnownFileType = text.man; path = codecodesnippets.1; sourceTree = "<group>"; };
/* End PBXFileReference section */

/* Begin PBXFrameworksBuildPhase section */
		57211BE215F59828004F5801 /* Frameworks */ = {
			isa = PBXFrameworksBuildPhase;
			buildActionMask = 2147483647;
			files = (
			);
			runOnlyForDeploymentPostprocessing = 0;
		};
/* End PBXFrameworksBuildPhase section */

/* Begin PBXGroup section */
		57211BDA15F59827004F5801 = {
			isa = PBXGroup;
			children = (
				57211BE815F59828004F5801 /* codecodesnippets */,
				57211BE615F59828004F5801 /* Products */,
			);
			sourceTree = "<group>";
		};
		57211BE615F59828004F5801 /* Products */ = {
			isa = PBXGroup;
			children = (
				57211BE515F59828004F5801 /* codecodesnippets */,
			);
			name = Products;
			sourceTree = "<group>";
		};
		57211BE815F59828004F5801 /* codecodesnippets */ = {
			isa = PBXGroup;
			children = (
				57211BE915F59828004F5801 /* main.cpp */,
				57211BEB15F59828004F5801 /* codecodesnippets.1 */,
			);
			path = codecodesnippets;
			sourceTree = "<group>";
		};
/* End PBXGroup section */

/* Begin PBXNativeTarget section */
		57211BE415F59828004F5801 /* codecodesnippets */ = {
			isa = PBXNativeTarget;
			buildConfigurationList = 57211BEF15F59828004F5801 /* Build configuration list for PBXNativeTarget "codecodesnippets" */;
			buildPhases = (
				57211BE115F59828004F5801 /* Sources */,
				57211BE215F59828004F5801 /* Frameworks */,
				57211BE315F59828004F5801 /* CopyFiles */,
			);
			buildRules = (
			);
			dependencies = (
			);
			name = codecodesnippets;
			productName = codecodesnippets;
			productReference = 57211BE515F59828004F5801 /* codecodesnippets */;
			productType = "com.apple.product-type.tool";
		};
/* End PBXNativeTarget section */

/* Begin PBXProject section */
		57211BDC15F59827004F5801 /* Project object */ = {
			isa = PBXProject;
			attributes = {
				LastUpgradeCheck = 0430;
			};
			buildConfigurationList = 57211BDF15F59827004F5801 /* Build configuration list for PBXProject "codecodesnippets" */;
			compatibilityVersion = "Xcode 3.2";
			developmentRegion = English;
			hasScannedForEncodings = 0;
			knownRegions = (
				en,
			);
			mainGroup = 57211BDA15F59827004F5801;
			productRefGroup = 57211BE615F59828004F5801 /* Products */;
			projectDirPath = "";
			projectRoot = "";
			targets = (
				57211BE415F59828004F5801 /* codecodesnippets */,
			);
		};
/* End PBXProject section */

/* Begin PBXSourcesBuildPhase section */
		57211BE115F59828004F5801 /* Sources */ = {
			isa = PBXSourcesBuildPhase;
			buildActionMask = 2147483647;
			files = (
				57211BEA15F59828004F5801 /* main.cpp in Sources */,
			);
			runOnlyForDeploymentPostprocessing = 0;
		};
/* End PBXSourcesBuildPhase section */

/* Begin XCBuildConfiguration section */
		57211BED15F59828004F5801 /* Debug */ = {
			isa = XCBuildConfiguration;
			buildSettings = {
				ALWAYS_SEARCH_USER_PATHS = NO;
				ARCHS = "$(ARCHS_STANDARD_64_BIT)";
				COPY_PHASE_STRIP = NO;
				GCC_C_LANGUAGE_STANDARD = gnu99;
				GCC_DYNAMIC_NO_PIC = NO;
				GCC_ENABLE_OBJC_EXCEPTIONS = YES;
				GCC_OPTIMIZATION_LEVEL = 0;
				GCC_PREPROCESSOR_DEFINITIONS = (
					"DEBUG=1",
					"$(inherited)",
				);
				GCC_SYMBOLS_PRIVATE_EXTERN = NO;
				GCC_VERSION = com.apple.compilers.llvm.clang.1_0;
				GCC_WARN_64_TO_32_BIT_CONVERSION = YES;
				GCC_WARN_ABOUT_RETURN_TYPE = YES;
				GCC_WARN_UNINITIALIZED_AUTOS = YES;
				GCC_WARN_UNUSED_VARIABLE = YES;
				MACOSX_DEPLOYMENT_TARGET = 10.7;
				ONLY_ACTIVE_ARCH = YES;
				SDKROOT = macosx;
			};
			name = Debug;
		};
		57211BEE15F59828004F5801 /* Release */ = {
			isa = XCBuildConfiguration;
			buildSettings = {
				ALWAYS_SEARCH_USER_PATHS = NO;
				ARCHS = "$(ARCHS_STANDARD_64_BIT)";
				COPY_PHASE_STRIP = YES;
				DEBUG_INFORMATION_FORMAT = "dwarf-with-dsym";
				GCC_C_LANGUAGE_STANDARD = gnu99;
				GCC_ENABLE_OBJC_EXCEPTIONS = YES;
				GCC_VERSION = com.apple.compilers.llvm.clang.1_0;
				GCC_WARN_64_TO_32_BIT_CONVERSION = YES;
				GCC_WARN_ABOUT_RETURN_TYPE = YES;
				GCC_WARN_UNINITIALIZED_AUTOS = YES;
				GCC_WARN_UNUSED_VARIABLE = YES;
				MACOSX_DEPLOYMENT_TARGET = 10.7;
				SDKROOT = macosx;
			};
			name = Release;
		};
		57211BF015F59828004F5801 /* Debug */ = {
			isa = XCBuildConfiguration;
			buildSettings = {
				PRODUCT_NAME = "$(TARGET_NAME)";
			};
			name = Debug;
		};
		57211BF115F59828004F5801 /* Release */ = {
			isa = XCBuildConfiguration;
			buildSettings = {
				PRODUCT_NAME = "$(TARGET_NAME)";
			};
			name = Release;
		};
/* End XCBuildConfiguration section */

/* Begin XCConfigurationList section */
		57211BDF15F59827004F5801 /* Build configuration list for PBXProject "codecodesnippets" */ = {
			isa = XCConfigurationList;
			buildConfigurations = (
				57211BED15F59828004F5801 /* Debug */,
				57211BEE15F59828004F5801 /* Release */,
			);
			defaultConfigurationIsVisible = 0;
			defaultConfigurationName = Release;
		};
		57211BEF15F59828004F5801 /* Build configuration list for PBXNativeTarget "codecodesnippets" */ = {
			isa = XCConfigurationList;
			buildConfigurations = (
				57211BF015F59828004F5801 /* Debug */,
				57211BF115F59828004F5801 /* Release */,
			);
			defaultConfigurationIsVisible = 0;
		};
/* End XCConfigurationList section */
	};
	rootObject = 57211BDC15F59827004F5801 /* Project object */;
}
